tmux-continuum 0698e8f4b17d6454c71bf5212895ec055c578da0
tmux-prefix-highlight 06cbb4ecd3a0a918ce355c70dc56d79debd455c7
tmux-resurrect cff343cf9e81983d3da0c8562b01616f12e8d548
tmux-sensible 25cb91f42d020f675bb0a2ce3fbd3a5d96119efa
tmux-yank acfd36e4fcba99f8310a7dfb432111c242fe7392
tpm 99469c4a9b1ccf77fade25842dc7bafbc8ce9946
